
Microsoft Visual Studio Solution File, Format Version 12.00
# Visual Studio Version 16
VisualStudioVersion = 25.0.1706.14
MinimumVisualStudioVersion = 10.0.40219.1
Project("{FAE04EC0-301F-11D3-BF4B-00C04F79EFBC}") = "BBU_SYSTEM", "BBU_SYSTEM.csproj", "{5335A53D-B904-4A07-9E15-DD2D3B41A0FD}"
EndProject
Global
	GlobalSection(SolutionConfigurationPlatforms) = preSolution
		Debug|Any CPU = Debug|Any CPU
		Release|Any CPU = Release|Any CPU
	EndGlobalSection
	GlobalSection(ProjectConfigurationPlatforms) = postSolution
		{5335A53D-B904-4A07-9E15-DD2D3B41A0FD}.Debug|Any CPU.ActiveCfg = Debug|Any CPU
		{5335A53D-B904-4A07-9E15-DD2D3B41A0FD}.Debug|Any CPU.Build.0 = Debug|Any CPU
		{5335A53D-B904-4A07-9E15-DD2D3B41A0FD}.Release|Any CPU.ActiveCfg = Release|Any CPU
		{5335A53D-B904-4A07-9E15-DD2D3B41A0FD}.Release|Any CPU.Build.0 = Release|Any CPU
	EndGlobalSection
	GlobalSection(SolutionProperties) = preSolution
		HideSolutionNode = FALSE
	EndGlobalSection
	GlobalSection(ExtensibilityGlobals) = postSolution
		SolutionGuid = {A42EF4FB-8050-4495-8727-36D580AC8237}
	EndGlobalSection
EndGlobal
